
Microsoft Visual Studio Solution File, Format Version 12.00
# Visual Studio 15
VisualStudioVersion = 15.0.26730.3
MinimumVisualStudioVersion = 10.0.40219.1
Project("{888888A0-9F3D-457C-B088-3A5042F75D52}") = "Examen1", "Examen1\Examen1.pyproj", "{A2134494-62FE-41DC-BDFA-52FC29C11124}"
EndProject
Global
	GlobalSection(SolutionConfigurationPlatforms) = preSolution
		Debug|Any CPU = Debug|Any CPU
		Release|Any CPU = Release|Any CPU
	EndGlobalSection
	GlobalSection(ProjectConfigurationPlatforms) = postSolution
		{A2134494-62FE-41DC-BDFA-52FC29C11124}.Debug|Any CPU.ActiveCfg = Debug|Any CPU
		{A2134494-62FE-41DC-BDFA-52FC29C11124}.Release|Any CPU.ActiveCfg = Release|Any CPU
	EndGlobalSection
	GlobalSection(SolutionProperties) = preSolution
		HideSolutionNode = FALSE
	EndGlobalSection
	GlobalSection(ExtensibilityGlobals) = postSolution
		SolutionGuid = {F891E53A-6D48-4391-9973-39BEC60D21F1}
	EndGlobalSection
EndGlobal
